
Microsoft Visual Studio Solution File, Format Version 12.00
# Visual Studio Version 17
VisualStudioVersion = 17.13.35825.156
MinimumVisualStudioVersion = 10.0.40219.1
Project("{FAE04EC0-301F-11D3-BF4B-00C04F79EFBC}") = "MajorExercise", "MajorExercise.csproj", "{8465A99A-7995-44AC-9CE7-BF9206F3754E}"
EndProject
Global
	GlobalSection(SolutionConfigurationPlatforms) = preSolution
		Debug|Any CPU = Debug|Any CPU
		Release|Any CPU = Release|Any CPU
	EndGlobalSection
	GlobalSection(ProjectConfigurationPlatforms) = postSolution
		{8465A99A-7995-44AC-9CE7-BF9206F3754E}.Debug|Any CPU.ActiveCfg = Debug|Any CPU
		{8465A99A-7995-44AC-9CE7-BF9206F3754E}.Debug|Any CPU.Build.0 = Debug|Any CPU
		{8465A99A-7995-44AC-9CE7-BF9206F3754E}.Release|Any CPU.ActiveCfg = Release|Any CPU
		{8465A99A-7995-44AC-9CE7-BF9206F3754E}.Release|Any CPU.Build.0 = Release|Any CPU
	EndGlobalSection
	GlobalSection(SolutionProperties) = preSolution
		HideSolutionNode = FALSE
	EndGlobalSection
	GlobalSection(ExtensibilityGlobals) = postSolution
		SolutionGuid = {167DD0CF-E58C-4D0E-90AA-19E6FA3B0CB7}
	EndGlobalSection
EndGlobal
